{
  "nodes": {
    "fenix": {
      "inputs": {
        "nixpkgs": [
          "nixpkgs"
        ],
        "rust-analyzer-src": "rust-analyzer-src"
      },
      "locked": {
        "lastModified": 1773818109,
        "narHash": "sha256-Wsk92HrZODmCgBb+v7XfTMUAIEhqU+Obwj+09IKRTpU=",
        "owner": "nix-community",
        "repo": "fenix",
        "rev": "b8b443c5a1bd8dd99df899b4ac786a7f410193e5",
        "type": "github"
      },
      "original": {
        "owner": "nix-community",
        "repo": "fenix",
        "type": "github"
      }
    },
    "nixpkgs": {
      "locked": {
        "lastModified": 1773734432,
        "narHash": "sha256-IF5ppUWh6gHGHYDbtVUyhwy/i7D261P7fWD1bPefOsw=",
        "rev": "cda48547b432e8d3b18b4180ba07473762ec8558",
        "revCount": 964459,
        "type": "tarball",
        "url": "https://api.flakehub.com/f/pinned/NixOS/nixpkgs/0.1.964459%2Brev-cda48547b432e8d3b18b4180ba07473762ec8558/019cff27-f088-710d-b729-7d70ce441bc3/source.tar.gz"
      },
      "original": {
        "type": "tarball",
        "url": "https://flakehub.com/f/NixOS/nixpkgs/0.1"
      }
    },
    "root": {
      "inputs": {
        "fenix": "fenix",
        "nixpkgs": "nixpkgs"
      }
    },
    "rust-analyzer-src": {
      "flake": false,
      "locked": {
        "lastModified": 1773775226,
        "narHash": "sha256-413aE+fhubk1GA2v4IlRrpdZZzW/b89wJGuDfZCVtEs=",
        "owner": "rust-lang",
        "repo": "rust-analyzer",
        "rev": "4eac290b58a70961e78f2e0c04f61a08b995b2cb",
        "type": "github"
      },
      "original": {
        "owner": "rust-lang",
        "ref": "nightly",
        "repo": "rust-analyzer",
        "type": "github"
      }
    }
  },
  "root": "root",
  "version": 7
}
