{
  "nodes": {
    "fenix": {
      "inputs": {
        "nixpkgs": [
          "nixpkgs"
        ],
        "rust-analyzer-src": "rust-analyzer-src"
      },
      "locked": {
        "lastModified": 1774163246,
        "narHash": "sha256-gzlqyLjP44LWraUd3Zn4xrQKOtK+zcBJ77pnsSUsxcM=",
        "owner": "nix-community",
        "repo": "fenix",
        "rev": "4cd28929c68cae521589bc21958d3793904ed1e2",
        "type": "github"
      },
      "original": {
        "owner": "nix-community",
        "repo": "fenix",
        "type": "github"
      }
    },
    "nixpkgs": {
      "locked": {
        "lastModified": 1773821835,
        "narHash": "sha256-TJ3lSQtW0E2JrznGVm8hOQGVpXjJyXY2guAxku2O9A4=",
        "rev": "b40629efe5d6ec48dd1efba650c797ddbd39ace0",
        "revCount": 964859,
        "type": "tarball",
        "url": "https://api.flakehub.com/f/pinned/NixOS/nixpkgs/0.1.964859%2Brev-b40629efe5d6ec48dd1efba650c797ddbd39ace0/019d03e9-2959-7276-adaa-d074e96422de/source.tar.gz"
      },
      "original": {
        "type": "tarball",
        "url": "https://flakehub.com/f/NixOS/nixpkgs/0.1"
      }
    },
    "root": {
      "inputs": {
        "fenix": "fenix",
        "nixpkgs": "nixpkgs"
      }
    },
    "rust-analyzer-src": {
      "flake": false,
      "locked": {
        "lastModified": 1774097238,
        "narHash": "sha256-hcujm/qEX4RUybdBCrQKdQNqTRYDItmnbjJRP5ky5vc=",
        "owner": "rust-lang",
        "repo": "rust-analyzer",
        "rev": "76de1de27c0ca1329bc41324edab22c82d69e779",
        "type": "github"
      },
      "original": {
        "owner": "rust-lang",
        "ref": "nightly",
        "repo": "rust-analyzer",
        "type": "github"
      }
    }
  },
  "root": "root",
  "version": 7
}
