{
  "nodes": {
    "crane": {
      "locked": {
        "lastModified": 1775790182,
        "narHash": "sha256-pG2RWVQY0Pe+rmmXJx+Jpyi+JcgjWzS18m7fcD1B64Q=",
        "owner": "ipetkov",
        "repo": "crane",
        "rev": "534982f1c41834b101e381b07b1121a4f065a374",
        "type": "github"
      },
      "original": {
        "owner": "ipetkov",
        "repo": "crane",
        "type": "github"
      }
    },
    "fenix": {
      "inputs": {
        "nixpkgs": [
          "nixpkgs"
        ],
        "rust-analyzer-src": "rust-analyzer-src"
      },
      "locked": {
        "lastModified": 1775721346,
        "narHash": "sha256-ogqjruvVBYEj8sWM3viOucSo1Pna9c147EKQOfA+p3I=",
        "owner": "nix-community",
        "repo": "fenix",
        "rev": "99fde43dfee2a672e4e37ef211e0844337e5b725",
        "type": "github"
      },
      "original": {
        "owner": "nix-community",
        "repo": "fenix",
        "type": "github"
      }
    },
    "nixpkgs": {
      "locked": {
        "lastModified": 1775710090,
        "narHash": "sha256-ar3rofg+awPB8QXDaFJhJ2jJhu+KqN/PRCXeyuXR76E=",
        "rev": "4c1018dae018162ec878d42fec712642d214fdfa",
        "revCount": 977467,
        "type": "tarball",
        "url": "https://api.flakehub.com/f/pinned/NixOS/nixpkgs/0.1.977467%2Brev-4c1018dae018162ec878d42fec712642d214fdfa/019d75d9-1186-76c1-baa5-93baafa37a8d/source.tar.gz"
      },
      "original": {
        "type": "tarball",
        "url": "https://flakehub.com/f/NixOS/nixpkgs/0.1"
      }
    },
    "root": {
      "inputs": {
        "crane": "crane",
        "fenix": "fenix",
        "nixpkgs": "nixpkgs"
      }
    },
    "rust-analyzer-src": {
      "flake": false,
      "locked": {
        "lastModified": 1775663707,
        "narHash": "sha256-3cSvpBETRa8aDSrUCX1jGc6FSse3OWB7cXACIZW8BYI=",
        "owner": "rust-lang",
        "repo": "rust-analyzer",
        "rev": "8c5af725817905e462052d91a8d229b85ffa83a5",
        "type": "github"
      },
      "original": {
        "owner": "rust-lang",
        "ref": "nightly",
        "repo": "rust-analyzer",
        "type": "github"
      }
    }
  },
  "root": "root",
  "version": 7
}
